
Microsoft Visual Studio Solution File, Format Version 12.00
# Visual Studio 14
VisualStudioVersion = 14.0.24720.0
MinimumVisualStudioVersion = 10.0.40219.1
Project("{FAE04EC0-301F-11D3-BF4B-00C04F79EFBC}") = "TestWebApplication", "TestWebApplication\TestWebApplication.csproj", "{BAC9BA83-74A8-497B-8469-C383D0F528DA}"
EndProject
Global
	GlobalSection(SolutionConfigurationPlatforms) = preSolution
		Debug|Any CPU = Debug|Any CPU
		Release|Any CPU = Release|Any CPU
	EndGlobalSection
	GlobalSection(ProjectConfigurationPlatforms) = postSolution
		{BAC9BA83-74A8-497B-8469-C383D0F528DA}.Debug|Any CPU.ActiveCfg = Debug|Any CPU
		{BAC9BA83-74A8-497B-8469-C383D0F528DA}.Debug|Any CPU.Build.0 = Debug|Any CPU
		{BAC9BA83-74A8-497B-8469-C383D0F528DA}.Release|Any CPU.ActiveCfg = Release|Any CPU
		{BAC9BA83-74A8-497B-8469-C383D0F528DA}.Release|Any CPU.Build.0 = Release|Any CPU
	EndGlobalSection
	GlobalSection(SolutionProperties) = preSolution
		HideSolutionNode = FALSE
	EndGlobalSection
EndGlobal
